
Microsoft Visual Studio Solution File, Format Version 12.00
Project("{FAE04EC0-301F-11D3-BF4B-00C04F79EFBC}") = "SharpPersistence.Abstractions", "src\SharpPersistence.Abstractions\SharpPersistence.Abstractions.csproj", "{C68058A3-7DD7-44E9-B807-7C3BCC4FE8A9}"
EndProject
Project("{FAE04EC0-301F-11D3-BF4B-00C04F79EFBC}") = "SharpPersistence", "src\SharpPersistence\SharpPersistence.csproj", "{496EC883-7CDB-455B-A5F6-3BB281C28D4E}"
EndProject
Project("{FAE04EC0-301F-11D3-BF4B-00C04F79EFBC}") = "SharpPersistence.Tests", "SharpPersistence.Tests\SharpPersistence.Tests.csproj", "{152C8625-719C-4F4E-8937-21960886C6F0}"
EndProject
Global
	GlobalSection(SolutionConfigurationPlatforms) = preSolution
		Debug|Any CPU = Debug|Any CPU
		Release|Any CPU = Release|Any CPU
	EndGlobalSection
	GlobalSection(ProjectConfigurationPlatforms) = postSolution
		{C68058A3-7DD7-44E9-B807-7C3BCC4FE8A9}.Debug|Any CPU.ActiveCfg = Debug|Any CPU
		{C68058A3-7DD7-44E9-B807-7C3BCC4FE8A9}.Debug|Any CPU.Build.0 = Debug|Any CPU
		{C68058A3-7DD7-44E9-B807-7C3BCC4FE8A9}.Release|Any CPU.ActiveCfg = Release|Any CPU
		{C68058A3-7DD7-44E9-B807-7C3BCC4FE8A9}.Release|Any CPU.Build.0 = Release|Any CPU
		{496EC883-7CDB-455B-A5F6-3BB281C28D4E}.Debug|Any CPU.ActiveCfg = Debug|Any CPU
		{496EC883-7CDB-455B-A5F6-3BB281C28D4E}.Debug|Any CPU.Build.0 = Debug|Any CPU
		{496EC883-7CDB-455B-A5F6-3BB281C28D4E}.Release|Any CPU.ActiveCfg = Release|Any CPU
		{496EC883-7CDB-455B-A5F6-3BB281C28D4E}.Release|Any CPU.Build.0 = Release|Any CPU
		{152C8625-719C-4F4E-8937-21960886C6F0}.Debug|Any CPU.ActiveCfg = Debug|Any CPU
		{152C8625-719C-4F4E-8937-21960886C6F0}.Debug|Any CPU.Build.0 = Debug|Any CPU
		{152C8625-719C-4F4E-8937-21960886C6F0}.Release|Any CPU.ActiveCfg = Release|Any CPU
		{152C8625-719C-4F4E-8937-21960886C6F0}.Release|Any CPU.Build.0 = Release|Any CPU
	EndGlobalSection
EndGlobal
